
Microsoft Visual Studio Solution File, Format Version 12.00
# Visual Studio Version 16
VisualStudioVersion = 16.0.31129.286
MinimumVisualStudioVersion = 10.0.40219.1
Project("{9A19103F-16F7-4668-BE54-9A1E7A4F7556}") = "CarritoDeCompras", "CarritoDeCompras\CarritoDeCompras.csproj", "{60903EEB-3192-49F8-8A2E-28E920F4E5A6}"
EndProject
Project("{FAE04EC0-301F-11D3-BF4B-00C04F79EFBC}") = "CarritoDeCompras.Tests", "CarritoDeCompras.Tests\CarritoDeCompras.Tests.csproj", "{22E13156-BD0F-4322-86B4-58BD7DEFDDB8}"
	ProjectSection(ProjectDependencies) = postProject
		{60903EEB-3192-49F8-8A2E-28E920F4E5A6} = {60903EEB-3192-49F8-8A2E-28E920F4E5A6}
	EndProjectSection
EndProject
Global
	GlobalSection(SolutionConfigurationPlatforms) = preSolution
		Debug|Any CPU = Debug|Any CPU
		Release|Any CPU = Release|Any CPU
	EndGlobalSection
	GlobalSection(ProjectConfigurationPlatforms) = postSolution
		{60903EEB-3192-49F8-8A2E-28E920F4E5A6}.Debug|Any CPU.ActiveCfg = Debug|Any CPU
		{60903EEB-3192-49F8-8A2E-28E920F4E5A6}.Debug|Any CPU.Build.0 = Debug|Any CPU
		{60903EEB-3192-49F8-8A2E-28E920F4E5A6}.Release|Any CPU.ActiveCfg = Release|Any CPU
		{60903EEB-3192-49F8-8A2E-28E920F4E5A6}.Release|Any CPU.Build.0 = Release|Any CPU
		{22E13156-BD0F-4322-86B4-58BD7DEFDDB8}.Debug|Any CPU.ActiveCfg = Debug|Any CPU
		{22E13156-BD0F-4322-86B4-58BD7DEFDDB8}.Debug|Any CPU.Build.0 = Debug|Any CPU
		{22E13156-BD0F-4322-86B4-58BD7DEFDDB8}.Release|Any CPU.ActiveCfg = Release|Any CPU
		{22E13156-BD0F-4322-86B4-58BD7DEFDDB8}.Release|Any CPU.Build.0 = Release|Any CPU
	EndGlobalSection
	GlobalSection(SolutionProperties) = preSolution
		HideSolutionNode = FALSE
	EndGlobalSection
	GlobalSection(ExtensibilityGlobals) = postSolution
		SolutionGuid = {1367A55C-99E6-46DC-8A56-649E03C79E7F}
	EndGlobalSection
EndGlobal
